
Microsoft Visual Studio Solution File, Format Version 12.00
# Visual Studio Version 17
VisualStudioVersion = 17.0.32112.339
MinimumVisualStudioVersion = 10.0.40219.1
Project("{8BC9CEB8-8B4A-11D0-8D11-00A0C91BC942}") = "saod6", "saod6\saod6.vcxproj", "{B8D5DAA2-9B39-424F-AA83-61EACF4B3EA1}"
EndProject
Global
	GlobalSection(SolutionConfigurationPlatforms) = preSolution
		Debug|x64 = Debug|x64
		Debug|x86 = Debug|x86
		Release|x64 = Release|x64
		Release|x86 = Release|x86
	EndGlobalSection
	GlobalSection(ProjectConfigurationPlatforms) = postSolution
		{B8D5DAA2-9B39-424F-AA83-61EACF4B3EA1}.Debug|x64.ActiveCfg = Debug|x64
		{B8D5DAA2-9B39-424F-AA83-61EACF4B3EA1}.Debug|x64.Build.0 = Debug|x64
		{B8D5DAA2-9B39-424F-AA83-61EACF4B3EA1}.Debug|x86.ActiveCfg = Debug|Win32
		{B8D5DAA2-9B39-424F-AA83-61EACF4B3EA1}.Debug|x86.Build.0 = Debug|Win32
		{B8D5DAA2-9B39-424F-AA83-61EACF4B3EA1}.Release|x64.ActiveCfg = Release|x64
		{B8D5DAA2-9B39-424F-AA83-61EACF4B3EA1}.Release|x64.Build.0 = Release|x64
		{B8D5DAA2-9B39-424F-AA83-61EACF4B3EA1}.Release|x86.ActiveCfg = Release|Win32
		{B8D5DAA2-9B39-424F-AA83-61EACF4B3EA1}.Release|x86.Build.0 = Release|Win32
	EndGlobalSection
	GlobalSection(SolutionProperties) = preSolution
		HideSolutionNode = FALSE
	EndGlobalSection
	GlobalSection(ExtensibilityGlobals) = postSolution
		SolutionGuid = {5F9069EB-1125-40F3-97B6-2C3DB0DBDF5E}
	EndGlobalSection
EndGlobal
