
Microsoft Visual Studio Solution File, Format Version 12.00
# Visual Studio Version 17
VisualStudioVersion = 17.0.32112.339
MinimumVisualStudioVersion = 10.0.40219.1
Project("{9A19103F-16F7-4668-BE54-9A1E7A4F7556}") = "KTPO4311.Shchukin.UnitTest", "KTPO4311.Shchukin.UnitTest\KTPO4311.Shchukin.UnitTest.csproj", "{69E53F8D-1CA2-4C36-A0B4-6EC24FDC5B97}"
EndProject
Project("{FAE04EC0-301F-11D3-BF4B-00C04F79EFBC}") = "KTPO4311.Shchukin.Lib", "KTPO4311.Shchukin.Lib\KTPO4311.Shchukin.Lib.csproj", "{C843370D-50D2-4833-8D31-FB1F7C2F26F7}"
EndProject
Project("{FAE04EC0-301F-11D3-BF4B-00C04F79EFBC}") = "KTPO4311.Shchukin.Service", "KTPO4311.Shchukin.Service\KTPO4311.Shchukin.Service.csproj", "{77B85522-8149-4EE7-831E-2287BBC211E9}"
EndProject
Global
	GlobalSection(SolutionConfigurationPlatforms) = preSolution
		Debug|Any CPU = Debug|Any CPU
		Release|Any CPU = Release|Any CPU
	EndGlobalSection
	GlobalSection(ProjectConfigurationPlatforms) = postSolution
		{69E53F8D-1CA2-4C36-A0B4-6EC24FDC5B97}.Debug|Any CPU.ActiveCfg = Debug|Any CPU
		{69E53F8D-1CA2-4C36-A0B4-6EC24FDC5B97}.Debug|Any CPU.Build.0 = Debug|Any CPU
		{69E53F8D-1CA2-4C36-A0B4-6EC24FDC5B97}.Release|Any CPU.ActiveCfg = Release|Any CPU
		{69E53F8D-1CA2-4C36-A0B4-6EC24FDC5B97}.Release|Any CPU.Build.0 = Release|Any CPU
		{C843370D-50D2-4833-8D31-FB1F7C2F26F7}.Debug|Any CPU.ActiveCfg = Debug|Any CPU
		{C843370D-50D2-4833-8D31-FB1F7C2F26F7}.Debug|Any CPU.Build.0 = Debug|Any CPU
		{C843370D-50D2-4833-8D31-FB1F7C2F26F7}.Release|Any CPU.ActiveCfg = Release|Any CPU
		{C843370D-50D2-4833-8D31-FB1F7C2F26F7}.Release|Any CPU.Build.0 = Release|Any CPU
		{77B85522-8149-4EE7-831E-2287BBC211E9}.Debug|Any CPU.ActiveCfg = Debug|Any CPU
		{77B85522-8149-4EE7-831E-2287BBC211E9}.Debug|Any CPU.Build.0 = Debug|Any CPU
		{77B85522-8149-4EE7-831E-2287BBC211E9}.Release|Any CPU.ActiveCfg = Release|Any CPU
		{77B85522-8149-4EE7-831E-2287BBC211E9}.Release|Any CPU.Build.0 = Release|Any CPU
	EndGlobalSection
	GlobalSection(SolutionProperties) = preSolution
		HideSolutionNode = FALSE
	EndGlobalSection
	GlobalSection(ExtensibilityGlobals) = postSolution
		SolutionGuid = {1A2FF3B4-706F-41D9-9820-246BE50EA7E0}
	EndGlobalSection
EndGlobal
