
Microsoft Visual Studio Solution File, Format Version 12.00
# Visual Studio Version 17
VisualStudioVersion = 17.0.32112.339
MinimumVisualStudioVersion = 10.0.40219.1
Project("{8BC9CEB8-8B4A-11D0-8D11-00A0C91BC942}") = "saod1", "saod1\saod1.vcxproj", "{4F63D47B-FB77-4C58-9C01-56D9220B9C78}"
EndProject
Global
	GlobalSection(SolutionConfigurationPlatforms) = preSolution
		Debug|x64 = Debug|x64
		Debug|x86 = Debug|x86
		Release|x64 = Release|x64
		Release|x86 = Release|x86
	EndGlobalSection
	GlobalSection(ProjectConfigurationPlatforms) = postSolution
		{4F63D47B-FB77-4C58-9C01-56D9220B9C78}.Debug|x64.ActiveCfg = Debug|x64
		{4F63D47B-FB77-4C58-9C01-56D9220B9C78}.Debug|x64.Build.0 = Debug|x64
		{4F63D47B-FB77-4C58-9C01-56D9220B9C78}.Debug|x86.ActiveCfg = Debug|Win32
		{4F63D47B-FB77-4C58-9C01-56D9220B9C78}.Debug|x86.Build.0 = Debug|Win32
		{4F63D47B-FB77-4C58-9C01-56D9220B9C78}.Release|x64.ActiveCfg = Release|x64
		{4F63D47B-FB77-4C58-9C01-56D9220B9C78}.Release|x64.Build.0 = Release|x64
		{4F63D47B-FB77-4C58-9C01-56D9220B9C78}.Release|x86.ActiveCfg = Release|Win32
		{4F63D47B-FB77-4C58-9C01-56D9220B9C78}.Release|x86.Build.0 = Release|Win32
	EndGlobalSection
	GlobalSection(SolutionProperties) = preSolution
		HideSolutionNode = FALSE
	EndGlobalSection
	GlobalSection(ExtensibilityGlobals) = postSolution
		SolutionGuid = {9F37BAE8-9F23-45C0-BA90-FD57FE3F4BE2}
	EndGlobalSection
EndGlobal
