
Microsoft Visual Studio Solution File, Format Version 12.00
# Visual Studio Version 17
VisualStudioVersion = 17.0.32112.339
MinimumVisualStudioVersion = 10.0.40219.1
Project("{8BC9CEB8-8B4A-11D0-8D11-00A0C91BC942}") = "saod17", "saod17\saod17.vcxproj", "{D550BF70-2AC6-4A66-823C-4F8A7537A611}"
EndProject
Global
	GlobalSection(SolutionConfigurationPlatforms) = preSolution
		Debug|x64 = Debug|x64
		Debug|x86 = Debug|x86
		Release|x64 = Release|x64
		Release|x86 = Release|x86
	EndGlobalSection
	GlobalSection(ProjectConfigurationPlatforms) = postSolution
		{D550BF70-2AC6-4A66-823C-4F8A7537A611}.Debug|x64.ActiveCfg = Debug|x64
		{D550BF70-2AC6-4A66-823C-4F8A7537A611}.Debug|x64.Build.0 = Debug|x64
		{D550BF70-2AC6-4A66-823C-4F8A7537A611}.Debug|x86.ActiveCfg = Debug|Win32
		{D550BF70-2AC6-4A66-823C-4F8A7537A611}.Debug|x86.Build.0 = Debug|Win32
		{D550BF70-2AC6-4A66-823C-4F8A7537A611}.Release|x64.ActiveCfg = Release|x64
		{D550BF70-2AC6-4A66-823C-4F8A7537A611}.Release|x64.Build.0 = Release|x64
		{D550BF70-2AC6-4A66-823C-4F8A7537A611}.Release|x86.ActiveCfg = Release|Win32
		{D550BF70-2AC6-4A66-823C-4F8A7537A611}.Release|x86.Build.0 = Release|Win32
	EndGlobalSection
	GlobalSection(SolutionProperties) = preSolution
		HideSolutionNode = FALSE
	EndGlobalSection
	GlobalSection(ExtensibilityGlobals) = postSolution
		SolutionGuid = {153A5284-DE45-418D-88CE-1A5784D01939}
	EndGlobalSection
EndGlobal
